// !$*UTF8*$!
{
	archiveVersion = 1;
	classes = {
	};
	objectVersion = 55;
	objects = {

/* Begin PBXBuildFile section */
		990878DD281D97CA006EE794 /* AppDelegate.swift in Sources */ = {isa = PBXBuildFile; fileRef = 990878DC281D97CA006EE794 /* AppDelegate.swift */; };
		990878DF281D97CA006EE794 /* SceneDelegate.swift in Sources */ = {isa = PBXBuildFile; fileRef = 990878DE281D97CA006EE794 /* SceneDelegate.swift */; };
		990878E1281D97CA006EE794 /* ViewController.swift in Sources */ = {isa = PBXBuildFile; fileRef = 990878E0281D97CA006EE794 /* ViewController.swift */; };
		990878E4281D97CA006EE794 /* Main.storyboard in Resources */ = {isa = PBXBuildFile; fileRef = 990878E2281D97CA006EE794 /* Main.storyboard */; };
		990878E6281D97CC006EE794 /* Assets.xcassets in Resources */ = {isa = PBXBuildFile; fileRef = 990878E5281D97CC006EE794 /* Assets.xcassets */; };
		990878E9281D97CC006EE794 /* LaunchScreen.storyboard in Resources */ = {isa = PBXBuildFile; fileRef = 990878E7281D97CC006EE794 /* LaunchScreen.storyboard */; };
		990878F1282C18FC006EE794 /* MyPageViewController.swift in Sources */ = {isa = PBXBuildFile; fileRef = 990878F0282C18FC006EE794 /* MyPageViewController.swift */; };
		990878F4282C327A006EE794 /* CarViewController.swift in Sources */ = {isa = PBXBuildFile; fileRef = 990878F3282C327A006EE794 /* CarViewController.swift */; };
		990878F6282C32A2006EE794 /* CarsHelper.swift in Sources */ = {isa = PBXBuildFile; fileRef = 990878F5282C32A2006EE794 /* CarsHelper.swift */; };
/* End PBXBuildFile section */

/* Begin PBXFileReference section */
		990878D9281D97CA006EE794 /* Lesson_20_UIPageViewController.app */ = {isa = PBXFileReference; explicitFileType = wrapper.application; includeInIndex = 0; path = Lesson_20_UIPageViewController.app; sourceTree = BUILT_PRODUCTS_DIR; };
		990878DC281D97CA006EE794 /* AppDelegate.swift */ = {isa = PBXFileReference; lastKnownFileType = sourcecode.swift; path = AppDelegate.swift; sourceTree = "<group>"; };
		990878DE281D97CA006EE794 /* SceneDelegate.swift */ = {isa = PBXFileReference; lastKnownFileType = sourcecode.swift; path = SceneDelegate.swift; sourceTree = "<group>"; };
		990878E0281D97CA006EE794 /* ViewController.swift */ = {isa = PBXFileReference; lastKnownFileType = sourcecode.swift; path = ViewController.swift; sourceTree = "<group>"; };
		990878E3281D97CA006EE794 /* Base */ = {isa = PBXFileReference; lastKnownFileType = file.storyboard; name = Base; path = Base.lproj/Main.storyboard; sourceTree = "<group>"; };
		990878E5281D97CC006EE794 /* Assets.xcassets */ = {isa = PBXFileReference; lastKnownFileType = folder.assetcatalog; path = Assets.xcassets; sourceTree = "<group>"; };
		990878E8281D97CC006EE794 /* Base */ = {isa = PBXFileReference; lastKnownFileType = file.storyboard; name = Base; path = Base.lproj/LaunchScreen.storyboard; sourceTree = "<group>"; };
		990878EA281D97CC006EE794 /* Info.plist */ = {isa = PBXFileReference; lastKnownFileType = text.plist.xml; path = Info.plist; sourceTree = "<group>"; };
		990878F0282C18FC006EE794 /* MyPageViewController.swift */ = {isa = PBXFileReference; lastKnownFileType = sourcecode.swift; path = MyPageViewController.swift; sourceTree = "<group>"; };
		990878F3282C327A006EE794 /* CarViewController.swift */ = {isa = PBXFileReference; lastKnownFileType = sourcecode.swift; path = CarViewController.swift; sourceTree = "<group>"; };
		990878F5282C32A2006EE794 /* CarsHelper.swift */ = {isa = PBXFileReference; lastKnownFileType = sourcecode.swift; path = CarsHelper.swift; sourceTree = "<group>"; };
/* End PBXFileReference section */

/* Begin PBXFrameworksBuildPhase section */
		990878D6281D97CA006EE794 /* Frameworks */ = {
			isa = PBXFrameworksBuildPhase;
			buildActionMask = 2147483647;
			files = (
			);
			runOnlyForDeploymentPostprocessing = 0;
		};
/* End PBXFrameworksBuildPhase section */

/* Begin PBXGroup section */
		990878D0281D97CA006EE794 = {
			isa = PBXGroup;
			children = (
				990878DB281D97CA006EE794 /* Lesson_20_UIPageViewController */,
				990878DA281D97CA006EE794 /* Products */,
			);
			sourceTree = "<group>";
		};
		990878DA281D97CA006EE794 /* Products */ = {
			isa = PBXGroup;
			children = (
				990878D9281D97CA006EE794 /* Lesson_20_UIPageViewController.app */,
			);
			name = Products;
			sourceTree = "<group>";
		};
		990878DB281D97CA006EE794 /* Lesson_20_UIPageViewController */ = {
			isa = PBXGroup;
			children = (
				990878DC281D97CA006EE794 /* AppDelegate.swift */,
				990878F2282C1911006EE794 /* PageVC */,
				990878DE281D97CA006EE794 /* SceneDelegate.swift */,
				990878E0281D97CA006EE794 /* ViewController.swift */,
				990878E2281D97CA006EE794 /* Main.storyboard */,
				990878E5281D97CC006EE794 /* Assets.xcassets */,
				990878E7281D97CC006EE794 /* LaunchScreen.storyboard */,
				990878EA281D97CC006EE794 /* Info.plist */,
			);
			path = Lesson_20_UIPageViewController;
			sourceTree = "<group>";
		};
		990878F2282C1911006EE794 /* PageVC */ = {
			isa = PBXGroup;
			children = (
				990878F0282C18FC006EE794 /* MyPageViewController.swift */,
				990878F3282C327A006EE794 /* CarViewController.swift */,
				990878F5282C32A2006EE794 /* CarsHelper.swift */,
			);
			path = PageVC;
			sourceTree = "<group>";
		};
/* End PBXGroup section */

/* Begin PBXNativeTarget section */
		990878D8281D97CA006EE794 /* Lesson_20_UIPageViewController */ = {
			isa = PBXNativeTarget;
			buildConfigurationList = 990878ED281D97CC006EE794 /* Build configuration list for PBXNativeTarget "Lesson_20_UIPageViewController" */;
			buildPhases = (
				990878D5281D97CA006EE794 /* Sources */,
				990878D6281D97CA006EE794 /* Frameworks */,
				990878D7281D97CA006EE794 /* Resources */,
			);
			buildRules = (
			);
			dependencies = (
			);
			name = Lesson_20_UIPageViewController;
			productName = Lesson_20_UIPageViewController;
			productReference = 990878D9281D97CA006EE794 /* Lesson_20_UIPageViewController.app */;
			productType = "com.apple.product-type.application";
		};
/* End PBXNativeTarget section */

/* Begin PBXProject section */
		990878D1281D97CA006EE794 /* Project object */ = {
			isa = PBXProject;
			attributes = {
				BuildIndependentTargetsInParallel = 1;
				LastSwiftUpdateCheck = 1310;
				LastUpgradeCheck = 1310;
				TargetAttributes = {
					990878D8281D97CA006EE794 = {
						CreatedOnToolsVersion = 13.1;
					};
				};
			};
			buildConfigurationList = 990878D4281D97CA006EE794 /* Build configuration list for PBXProject "Lesson_20_UIPageViewController" */;
			compatibilityVersion = "Xcode 13.0";
			developmentRegion = en;
			hasScannedForEncodings = 0;
			knownRegions = (
				en,
				Base,
			);
			mainGroup = 990878D0281D97CA006EE794;
			productRefGroup = 990878DA281D97CA006EE794 /* Products */;
			projectDirPath = "";
			projectRoot = "";
			targets = (
				990878D8281D97CA006EE794 /* Lesson_20_UIPageViewController */,
			);
		};
/* End PBXProject section */

/* Begin PBXResourcesBuildPhase section */
		990878D7281D97CA006EE794 /* Resources */ = {
			isa = PBXResourcesBuildPhase;
			buildActionMask = 2147483647;
			files = (
				990878E9281D97CC006EE794 /* LaunchScreen.storyboard in Resources */,
				990878E6281D97CC006EE794 /* Assets.xcassets in Resources */,
				990878E4281D97CA006EE794 /* Main.storyboard in Resources */,
			);
			runOnlyForDeploymentPostprocessing = 0;
		};
/* End PBXResourcesBuildPhase section */

/* Begin PBXSourcesBuildPhase section */
		990878D5281D97CA006EE794 /* Sources */ = {
			isa = PBXSourcesBuildPhase;
			buildActionMask = 2147483647;
			files = (
				990878F4282C327A006EE794 /* CarViewController.swift in Sources */,
				990878E1281D97CA006EE794 /* ViewController.swift in Sources */,
				990878DD281D97CA006EE794 /* AppDelegate.swift in Sources */,
				990878DF281D97CA006EE794 /* SceneDelegate.swift in Sources */,
				990878F6282C32A2006EE794 /* CarsHelper.swift in Sources */,
				990878F1282C18FC006EE794 /* MyPageViewController.swift in Sources */,
			);
			runOnlyForDeploymentPostprocessing = 0;
		};
/* End PBXSourcesBuildPhase section */

/* Begin PBXVariantGroup section */
		990878E2281D97CA006EE794 /* Main.storyboard */ = {
			isa = PBXVariantGroup;
			children = (
				990878E3281D97CA006EE794 /* Base */,
			);
			name = Main.storyboard;
			sourceTree = "<group>";
		};
		990878E7281D97CC006EE794 /* LaunchScreen.storyboard */ = {
			isa = PBXVariantGroup;
			children = (
				990878E8281D97CC006EE794 /* Base */,
			);
			name = LaunchScreen.storyboard;
			sourceTree = "<group>";
		};
/* End PBXVariantGroup section */

/* Begin XCBuildConfiguration section */
		990878EB281D97CC006EE794 /* Debug */ = {
			isa = XCBuildConfiguration;
			buildSettings = {
				ALWAYS_SEARCH_USER_PATHS = NO;
				CLANG_ANALYZER_NONNULL = YES;
				CLANG_ANALYZER_NUMBER_OBJECT_CONVERSION = YES_AGGRESSIVE;
				CLANG_CXX_LANGUAGE_STANDARD = "gnu++17";
				CLANG_CXX_LIBRARY = "libc++";
				CLANG_ENABLE_MODULES = YES;
				CLANG_ENABLE_OBJC_ARC = YES;
				CLANG_ENABLE_OBJC_WEAK = YES;
				CLANG_WARN_BLOCK_CAPTURE_AUTORELEASING = YES;
				CLANG_WARN_BOOL_CONVERSION = YES;
				CLANG_WARN_COMMA = YES;
				CLANG_WARN_CONSTANT_CONVERSION = YES;
				CLANG_WARN_DEPRECATED_OBJC_IMPLEMENTATIONS = YES;
				CLANG_WARN_DIRECT_OBJC_ISA_USAGE = YES_ERROR;
				CLANG_WARN_DOCUMENTATION_COMMENTS = YES;
				CLANG_WARN_EMPTY_BODY = YES;
				CLANG_WARN_ENUM_CONVERSION = YES;
				CLANG_WARN_INFINITE_RECURSION = YES;
				CLANG_WARN_INT_CONVERSION = YES;
				CLANG_WARN_NON_LITERAL_NULL_CONVERSION = YES;
				CLANG_WARN_OBJC_IMPLICIT_RETAIN_SELF = YES;
				CLANG_WARN_OBJC_LITERAL_CONVERSION = YES;
				CLANG_WARN_OBJC_ROOT_CLASS = YES_ERROR;
				CLANG_WARN_QUOTED_INCLUDE_IN_FRAMEWORK_HEADER = YES;
				CLANG_WARN_RANGE_LOOP_ANALYSIS = YES;
				CLANG_WARN_STRICT_PROTOTYPES = YES;
				CLANG_WARN_SUSPICIOUS_MOVE = YES;
				CLANG_WARN_UNGUARDED_AVAILABILITY = YES_AGGRESSIVE;
				CLANG_WARN_UNREACHABLE_CODE = YES;
				CLANG_WARN__DUPLICATE_METHOD_MATCH = YES;
				COPY_PHASE_STRIP = NO;
				DEBUG_INFORMATION_FORMAT = dwarf;
				ENABLE_STRICT_OBJC_MSGSEND = YES;
				ENABLE_TESTABILITY = YES;
				GCC_C_LANGUAGE_STANDARD = gnu11;
				GCC_DYNAMIC_NO_PIC = NO;
				GCC_NO_COMMON_BLOCKS = YES;
				GCC_OPTIMIZATION_LEVEL = 0;
				GCC_PREPROCESSOR_DEFINITIONS = (
					"DEBUG=1",
					"$(inherited)",
				);
				GCC_WARN_64_TO_32_BIT_CONVERSION = YES;
				GCC_WARN_ABOUT_RETURN_TYPE = YES_ERROR;
				GCC_WARN_UNDECLARED_SELECTOR = YES;
				GCC_WARN_UNINITIALIZED_AUTOS = YES_AGGRESSIVE;
				GCC_WARN_UNUSED_FUNCTION = YES;
				GCC_WARN_UNUSED_VARIABLE = YES;
				IPHONEOS_DEPLOYMENT_TARGET = 15.0;
				MTL_ENABLE_DEBUG_INFO = INCLUDE_SOURCE;
				MTL_FAST_MATH = YES;
				ONLY_ACTIVE_ARCH = YES;
				SDKROOT = iphoneos;
				SWIFT_ACTIVE_COMPILATION_CONDITIONS = DEBUG;
				SWIFT_OPTIMIZATION_LEVEL = "-Onone";
			};
			name = Debug;
		};
		990878EC281D97CC006EE794 /* Release */ = {
			isa = XCBuildConfiguration;
			buildSettings = {
				ALWAYS_SEARCH_USER_PATHS = NO;
				CLANG_ANALYZER_NONNULL = YES;
				CLANG_ANALYZER_NUMBER_OBJECT_CONVERSION = YES_AGGRESSIVE;
				CLANG_CXX_LANGUAGE_STANDARD = "gnu++17";
				CLANG_CXX_LIBRARY = "libc++";
				CLANG_ENABLE_MODULES = YES;
				CLANG_ENABLE_OBJC_ARC = YES;
				CLANG_ENABLE_OBJC_WEAK = YES;
				CLANG_WARN_BLOCK_CAPTURE_AUTORELEASING = YES;
				CLANG_WARN_BOOL_CONVERSION = YES;
				CLANG_WARN_COMMA = YES;
				CLANG_WARN_CONSTANT_CONVERSION = YES;
				CLANG_WARN_DEPRECATED_OBJC_IMPLEMENTATIONS = YES;
				CLANG_WARN_DIRECT_OBJC_ISA_USAGE = YES_ERROR;
				CLANG_WARN_DOCUMENTATION_COMMENTS = YES;
				CLANG_WARN_EMPTY_BODY = YES;
				CLANG_WARN_ENUM_CONVERSION = YES;
				CLANG_WARN_INFINITE_RECURSION = YES;
				CLANG_WARN_INT_CONVERSION = YES;
				CLANG_WARN_NON_LITERAL_NULL_CONVERSION = YES;
				CLANG_WARN_OBJC_IMPLICIT_RETAIN_SELF = YES;
				CLANG_WARN_OBJC_LITERAL_CONVERSION = YES;
				CLANG_WARN_OBJC_ROOT_CLASS = YES_ERROR;
				CLANG_WARN_QUOTED_INCLUDE_IN_FRAMEWORK_HEADER = YES;
				CLANG_WARN_RANGE_LOOP_ANALYSIS = YES;
				CLANG_WARN_STRICT_PROTOTYPES = YES;
				CLANG_WARN_SUSPICIOUS_MOVE = YES;
				CLANG_WARN_UNGUARDED_AVAILABILITY = YES_AGGRESSIVE;
				CLANG_WARN_UNREACHABLE_CODE = YES;
				CLANG_WARN__DUPLICATE_METHOD_MATCH = YES;
				COPY_PHASE_STRIP = NO;
				DEBUG_INFORMATION_FORMAT = "dwarf-with-dsym";
				ENABLE_NS_ASSERTIONS = NO;
				ENABLE_STRICT_OBJC_MSGSEND = YES;
				GCC_C_LANGUAGE_STANDARD = gnu11;
				GCC_NO_COMMON_BLOCKS = YES;
				GCC_WARN_64_TO_32_BIT_CONVERSION = YES;
				GCC_WARN_ABOUT_RETURN_TYPE = YES_ERROR;
				GCC_WARN_UNDECLARED_SELECTOR = YES;
				GCC_WARN_UNINITIALIZED_AUTOS = YES_AGGRESSIVE;
				GCC_WARN_UNUSED_FUNCTION = YES;
				GCC_WARN_UNUSED_VARIABLE = YES;
				IPHONEOS_DEPLOYMENT_TARGET = 15.0;
				MTL_ENABLE_DEBUG_INFO = NO;
				MTL_FAST_MATH = YES;
				SDKROOT = iphoneos;
				SWIFT_COMPILATION_MODE = wholemodule;
				SWIFT_OPTIMIZATION_LEVEL = "-O";
				VALIDATE_PRODUCT = YES;
			};
			name = Release;
		};
		990878EE281D97CC006EE794 /* Debug */ = {
			isa = XCBuildConfiguration;
			buildSettings = {
				ASSETCATALOG_COMPILER_APPICON_NAME = AppIcon;
				ASSETCATALOG_COMPILER_GLOBAL_ACCENT_COLOR_NAME = AccentColor;
				CODE_SIGN_STYLE = Automatic;
				CURRENT_PROJECT_VERSION = 1;
				DEVELOPMENT_TEAM = 66W5A5Y95A;
				GENERATE_INFOPLIST_FILE = YES;
				INFOPLIST_FILE = Lesson_20_UIPageViewController/Info.plist;
				INFOPLIST_KEY_UIApplicationSupportsIndirectInputEvents = YES;
				INFOPLIST_KEY_UILaunchStoryboardName = LaunchScreen;
				INFOPLIST_KEY_UIMainStoryboardFile = Main;
				INFOPLIST_KEY_UISupportedInterfaceOrientations_iPad = "UIInterfaceOrientationPortrait UIInterfaceOrientationPortraitUpsideDown UIInterfaceOrientationLandscapeLeft UIInterfaceOrientationLandscapeRight";
				INFOPLIST_KEY_UISupportedInterfaceOrientations_iPhone = "UIInterfaceOrientationPortrait UIInterfaceOrientationLandscapeLeft UIInterfaceOrientationLandscapeRight";
				LD_RUNPATH_SEARCH_PATHS = (
					"$(inherited)",
					"@executable_path/Frameworks",
				);
				MARKETING_VERSION = 1.0;
				PRODUCT_BUNDLE_IDENTIFIER = "GB.Lesson-20-UIPageViewController";
				PRODUCT_NAME = "$(TARGET_NAME)";
				SWIFT_EMIT_LOC_STRINGS = YES;
				SWIFT_VERSION = 5.0;
				TARGETED_DEVICE_FAMILY = "1,2";
			};
			name = Debug;
		};
		990878EF281D97CC006EE794 /* Release */ = {
			isa = XCBuildConfiguration;
			buildSettings = {
				ASSETCATALOG_COMPILER_APPICON_NAME = AppIcon;
				ASSETCATALOG_COMPILER_GLOBAL_ACCENT_COLOR_NAME = AccentColor;
				CODE_SIGN_STYLE = Automatic;
				CURRENT_PROJECT_VERSION = 1;
				DEVELOPMENT_TEAM = 66W5A5Y95A;
				GENERATE_INFOPLIST_FILE = YES;
				INFOPLIST_FILE = Lesson_20_UIPageViewController/Info.plist;
				INFOPLIST_KEY_UIApplicationSupportsIndirectInputEvents = YES;
				INFOPLIST_KEY_UILaunchStoryboardName = LaunchScreen;
				INFOPLIST_KEY_UIMainStoryboardFile = Main;
				INFOPLIST_KEY_UISupportedInterfaceOrientations_iPad = "UIInterfaceOrientationPortrait UIInterfaceOrientationPortraitUpsideDown UIInterfaceOrientationLandscapeLeft UIInterfaceOrientationLandscapeRight";
				INFOPLIST_KEY_UISupportedInterfaceOrientations_iPhone = "UIInterfaceOrientationPortrait UIInterfaceOrientationLandscapeLeft UIInterfaceOrientationLandscapeRight";
				LD_RUNPATH_SEARCH_PATHS = (
					"$(inherited)",
					"@executable_path/Frameworks",
				);
				MARKETING_VERSION = 1.0;
				PRODUCT_BUNDLE_IDENTIFIER = "GB.Lesson-20-UIPageViewController";
				PRODUCT_NAME = "$(TARGET_NAME)";
				SWIFT_EMIT_LOC_STRINGS = YES;
				SWIFT_VERSION = 5.0;
				TARGETED_DEVICE_FAMILY = "1,2";
			};
			name = Release;
		};
/* End XCBuildConfiguration section */

/* Begin XCConfigurationList section */
		990878D4281D97CA006EE794 /* Build configuration list for PBXProject "Lesson_20_UIPageViewController" */ = {
			isa = XCConfigurationList;
			buildConfigurations = (
				990878EB281D97CC006EE794 /* Debug */,
				990878EC281D97CC006EE794 /* Release */,
			);
			defaultConfigurationIsVisible = 0;
			defaultConfigurationName = Release;
		};
		990878ED281D97CC006EE794 /* Build configuration list for PBXNativeTarget "Lesson_20_UIPageViewController" */ = {
			isa = XCConfigurationList;
			buildConfigurations = (
				990878EE281D97CC006EE794 /* Debug */,
				990878EF281D97CC006EE794 /* Release */,
			);
			defaultConfigurationIsVisible = 0;
			defaultConfigurationName = Release;
		};
/* End XCConfigurationList section */
	};
	rootObject = 990878D1281D97CA006EE794 /* Project object */;
}
