// !$*UTF8*$!
{
	archiveVersion = 1;
	classes = {
	};
	objectVersion = 55;
	objects = {

/* Begin PBXBuildFile section */
		9991355128465260002105CB /* AppDelegate.swift in Sources */ = {isa = PBXBuildFile; fileRef = 9991355028465260002105CB /* AppDelegate.swift */; };
		9991355328465260002105CB /* SceneDelegate.swift in Sources */ = {isa = PBXBuildFile; fileRef = 9991355228465260002105CB /* SceneDelegate.swift */; };
		9991355828465260002105CB /* Main.storyboard in Resources */ = {isa = PBXBuildFile; fileRef = 9991355628465260002105CB /* Main.storyboard */; };
		9991355A28465262002105CB /* Assets.xcassets in Resources */ = {isa = PBXBuildFile; fileRef = 9991355928465262002105CB /* Assets.xcassets */; };
		9991355D28465262002105CB /* LaunchScreen.storyboard in Resources */ = {isa = PBXBuildFile; fileRef = 9991355B28465262002105CB /* LaunchScreen.storyboard */; };
		9991356528466E95002105CB /* GeneralMenuViewController.swift in Sources */ = {isa = PBXBuildFile; fileRef = 9991356428466E95002105CB /* GeneralMenuViewController.swift */; };
		9991356728466ECD002105CB /* DetailMenuViewController.swift in Sources */ = {isa = PBXBuildFile; fileRef = 9991356628466ECD002105CB /* DetailMenuViewController.swift */; };
		9991356928466F53002105CB /* DishViewController.swift in Sources */ = {isa = PBXBuildFile; fileRef = 9991356828466F53002105CB /* DishViewController.swift */; };
		9991356B284674F2002105CB /* Menu.swift in Sources */ = {isa = PBXBuildFile; fileRef = 9991356A284674F2002105CB /* Menu.swift */; };
		9991356D284A1791002105CB /* MyCollectionViewCell.swift in Sources */ = {isa = PBXBuildFile; fileRef = 9991356C284A1791002105CB /* MyCollectionViewCell.swift */; };
/* End PBXBuildFile section */

/* Begin PBXFileReference section */
		9991354D28465260002105CB /* Lesson_27_UICollectionView.app */ = {isa = PBXFileReference; explicitFileType = wrapper.application; includeInIndex = 0; path = Lesson_27_UICollectionView.app; sourceTree = BUILT_PRODUCTS_DIR; };
		9991355028465260002105CB /* AppDelegate.swift */ = {isa = PBXFileReference; lastKnownFileType = sourcecode.swift; path = AppDelegate.swift; sourceTree = "<group>"; };
		9991355228465260002105CB /* SceneDelegate.swift */ = {isa = PBXFileReference; lastKnownFileType = sourcecode.swift; path = SceneDelegate.swift; sourceTree = "<group>"; };
		9991355728465260002105CB /* Base */ = {isa = PBXFileReference; lastKnownFileType = file.storyboard; name = Base; path = Base.lproj/Main.storyboard; sourceTree = "<group>"; };
		9991355928465262002105CB /* Assets.xcassets */ = {isa = PBXFileReference; lastKnownFileType = folder.assetcatalog; path = Assets.xcassets; sourceTree = "<group>"; };
		9991355C28465262002105CB /* Base */ = {isa = PBXFileReference; lastKnownFileType = file.storyboard; name = Base; path = Base.lproj/LaunchScreen.storyboard; sourceTree = "<group>"; };
		9991355E28465262002105CB /* Info.plist */ = {isa = PBXFileReference; lastKnownFileType = text.plist.xml; path = Info.plist; sourceTree = "<group>"; };
		9991356428466E95002105CB /* GeneralMenuViewController.swift */ = {isa = PBXFileReference; lastKnownFileType = sourcecode.swift; path = GeneralMenuViewController.swift; sourceTree = "<group>"; };
		9991356628466ECD002105CB /* DetailMenuViewController.swift */ = {isa = PBXFileReference; lastKnownFileType = sourcecode.swift; path = DetailMenuViewController.swift; sourceTree = "<group>"; };
		9991356828466F53002105CB /* DishViewController.swift */ = {isa = PBXFileReference; lastKnownFileType = sourcecode.swift; path = DishViewController.swift; sourceTree = "<group>"; };
		9991356A284674F2002105CB /* Menu.swift */ = {isa = PBXFileReference; lastKnownFileType = sourcecode.swift; path = Menu.swift; sourceTree = "<group>"; };
		9991356C284A1791002105CB /* MyCollectionViewCell.swift */ = {isa = PBXFileReference; lastKnownFileType = sourcecode.swift; path = MyCollectionViewCell.swift; sourceTree = "<group>"; };
/* End PBXFileReference section */

/* Begin PBXFrameworksBuildPhase section */
		9991354A28465260002105CB /* Frameworks */ = {
			isa = PBXFrameworksBuildPhase;
			buildActionMask = 2147483647;
			files = (
			);
			runOnlyForDeploymentPostprocessing = 0;
		};
/* End PBXFrameworksBuildPhase section */

/* Begin PBXGroup section */
		9991354428465260002105CB = {
			isa = PBXGroup;
			children = (
				9991354F28465260002105CB /* Lesson_27_UICollectionView */,
				9991354E28465260002105CB /* Products */,
			);
			sourceTree = "<group>";
		};
		9991354E28465260002105CB /* Products */ = {
			isa = PBXGroup;
			children = (
				9991354D28465260002105CB /* Lesson_27_UICollectionView.app */,
			);
			name = Products;
			sourceTree = "<group>";
		};
		9991354F28465260002105CB /* Lesson_27_UICollectionView */ = {
			isa = PBXGroup;
			children = (
				9991355028465260002105CB /* AppDelegate.swift */,
				9991355228465260002105CB /* SceneDelegate.swift */,
				9991356428466E95002105CB /* GeneralMenuViewController.swift */,
				9991356628466ECD002105CB /* DetailMenuViewController.swift */,
				9991356828466F53002105CB /* DishViewController.swift */,
				9991356C284A1791002105CB /* MyCollectionViewCell.swift */,
				9991356A284674F2002105CB /* Menu.swift */,
				9991355628465260002105CB /* Main.storyboard */,
				9991355928465262002105CB /* Assets.xcassets */,
				9991355B28465262002105CB /* LaunchScreen.storyboard */,
				9991355E28465262002105CB /* Info.plist */,
			);
			path = Lesson_27_UICollectionView;
			sourceTree = "<group>";
		};
/* End PBXGroup section */

/* Begin PBXNativeTarget section */
		9991354C28465260002105CB /* Lesson_27_UICollectionView */ = {
			isa = PBXNativeTarget;
			buildConfigurationList = 9991356128465262002105CB /* Build configuration list for PBXNativeTarget "Lesson_27_UICollectionView" */;
			buildPhases = (
				9991354928465260002105CB /* Sources */,
				9991354A28465260002105CB /* Frameworks */,
				9991354B28465260002105CB /* Resources */,
			);
			buildRules = (
			);
			dependencies = (
			);
			name = Lesson_27_UICollectionView;
			productName = Lesson_27_UICollectionView;
			productReference = 9991354D28465260002105CB /* Lesson_27_UICollectionView.app */;
			productType = "com.apple.product-type.application";
		};
/* End PBXNativeTarget section */

/* Begin PBXProject section */
		9991354528465260002105CB /* Project object */ = {
			isa = PBXProject;
			attributes = {
				BuildIndependentTargetsInParallel = 1;
				LastSwiftUpdateCheck = 1340;
				LastUpgradeCheck = 1340;
				TargetAttributes = {
					9991354C28465260002105CB = {
						CreatedOnToolsVersion = 13.4;
					};
				};
			};
			buildConfigurationList = 9991354828465260002105CB /* Build configuration list for PBXProject "Lesson_27_UICollectionView" */;
			compatibilityVersion = "Xcode 13.0";
			developmentRegion = en;
			hasScannedForEncodings = 0;
			knownRegions = (
				en,
				Base,
			);
			mainGroup = 9991354428465260002105CB;
			productRefGroup = 9991354E28465260002105CB /* Products */;
			projectDirPath = "";
			projectRoot = "";
			targets = (
				9991354C28465260002105CB /* Lesson_27_UICollectionView */,
			);
		};
/* End PBXProject section */

/* Begin PBXResourcesBuildPhase section */
		9991354B28465260002105CB /* Resources */ = {
			isa = PBXResourcesBuildPhase;
			buildActionMask = 2147483647;
			files = (
				9991355D28465262002105CB /* LaunchScreen.storyboard in Resources */,
				9991355A28465262002105CB /* Assets.xcassets in Resources */,
				9991355828465260002105CB /* Main.storyboard in Resources */,
			);
			runOnlyForDeploymentPostprocessing = 0;
		};
/* End PBXResourcesBuildPhase section */

/* Begin PBXSourcesBuildPhase section */
		9991354928465260002105CB /* Sources */ = {
			isa = PBXSourcesBuildPhase;
			buildActionMask = 2147483647;
			files = (
				9991356B284674F2002105CB /* Menu.swift in Sources */,
				9991356D284A1791002105CB /* MyCollectionViewCell.swift in Sources */,
				9991356728466ECD002105CB /* DetailMenuViewController.swift in Sources */,
				9991356528466E95002105CB /* GeneralMenuViewController.swift in Sources */,
				9991355128465260002105CB /* AppDelegate.swift in Sources */,
				9991355328465260002105CB /* SceneDelegate.swift in Sources */,
				9991356928466F53002105CB /* DishViewController.swift in Sources */,
			);
			runOnlyForDeploymentPostprocessing = 0;
		};
/* End PBXSourcesBuildPhase section */

/* Begin PBXVariantGroup section */
		9991355628465260002105CB /* Main.storyboard */ = {
			isa = PBXVariantGroup;
			children = (
				9991355728465260002105CB /* Base */,
			);
			name = Main.storyboard;
			sourceTree = "<group>";
		};
		9991355B28465262002105CB /* LaunchScreen.storyboard */ = {
			isa = PBXVariantGroup;
			children = (
				9991355C28465262002105CB /* Base */,
			);
			name = LaunchScreen.storyboard;
			sourceTree = "<group>";
		};
/* End PBXVariantGroup section */

/* Begin XCBuildConfiguration section */
		9991355F28465262002105CB /* Debug */ = {
			isa = XCBuildConfiguration;
			buildSettings = {
				ALWAYS_SEARCH_USER_PATHS = NO;
				CLANG_ANALYZER_NONNULL = YES;
				CLANG_ANALYZER_NUMBER_OBJECT_CONVERSION = YES_AGGRESSIVE;
				CLANG_CXX_LANGUAGE_STANDARD = "gnu++17";
				CLANG_ENABLE_MODULES = YES;
				CLANG_ENABLE_OBJC_ARC = YES;
				CLANG_ENABLE_OBJC_WEAK = YES;
				CLANG_WARN_BLOCK_CAPTURE_AUTORELEASING = YES;
				CLANG_WARN_BOOL_CONVERSION = YES;
				CLANG_WARN_COMMA = YES;
				CLANG_WARN_CONSTANT_CONVERSION = YES;
				CLANG_WARN_DEPRECATED_OBJC_IMPLEMENTATIONS = YES;
				CLANG_WARN_DIRECT_OBJC_ISA_USAGE = YES_ERROR;
				CLANG_WARN_DOCUMENTATION_COMMENTS = YES;
				CLANG_WARN_EMPTY_BODY = YES;
				CLANG_WARN_ENUM_CONVERSION = YES;
				CLANG_WARN_INFINITE_RECURSION = YES;
				CLANG_WARN_INT_CONVERSION = YES;
				CLANG_WARN_NON_LITERAL_NULL_CONVERSION = YES;
				CLANG_WARN_OBJC_IMPLICIT_RETAIN_SELF = YES;
				CLANG_WARN_OBJC_LITERAL_CONVERSION = YES;
				CLANG_WARN_OBJC_ROOT_CLASS = YES_ERROR;
				CLANG_WARN_QUOTED_INCLUDE_IN_FRAMEWORK_HEADER = YES;
				CLANG_WARN_RANGE_LOOP_ANALYSIS = YES;
				CLANG_WARN_STRICT_PROTOTYPES = YES;
				CLANG_WARN_SUSPICIOUS_MOVE = YES;
				CLANG_WARN_UNGUARDED_AVAILABILITY = YES_AGGRESSIVE;
				CLANG_WARN_UNREACHABLE_CODE = YES;
				CLANG_WARN__DUPLICATE_METHOD_MATCH = YES;
				COPY_PHASE_STRIP = NO;
				DEBUG_INFORMATION_FORMAT = dwarf;
				ENABLE_STRICT_OBJC_MSGSEND = YES;
				ENABLE_TESTABILITY = YES;
				GCC_C_LANGUAGE_STANDARD = gnu11;
				GCC_DYNAMIC_NO_PIC = NO;
				GCC_NO_COMMON_BLOCKS = YES;
				GCC_OPTIMIZATION_LEVEL = 0;
				GCC_PREPROCESSOR_DEFINITIONS = (
					"DEBUG=1",
					"$(inherited)",
				);
				GCC_WARN_64_TO_32_BIT_CONVERSION = YES;
				GCC_WARN_ABOUT_RETURN_TYPE = YES_ERROR;
				GCC_WARN_UNDECLARED_SELECTOR = YES;
				GCC_WARN_UNINITIALIZED_AUTOS = YES_AGGRESSIVE;
				GCC_WARN_UNUSED_FUNCTION = YES;
				GCC_WARN_UNUSED_VARIABLE = YES;
				IPHONEOS_DEPLOYMENT_TARGET = 15.5;
				MTL_ENABLE_DEBUG_INFO = INCLUDE_SOURCE;
				MTL_FAST_MATH = YES;
				ONLY_ACTIVE_ARCH = YES;
				SDKROOT = iphoneos;
				SWIFT_ACTIVE_COMPILATION_CONDITIONS = DEBUG;
				SWIFT_OPTIMIZATION_LEVEL = "-Onone";
			};
			name = Debug;
		};
		9991356028465262002105CB /* Release */ = {
			isa = XCBuildConfiguration;
			buildSettings = {
				ALWAYS_SEARCH_USER_PATHS = NO;
				CLANG_ANALYZER_NONNULL = YES;
				CLANG_ANALYZER_NUMBER_OBJECT_CONVERSION = YES_AGGRESSIVE;
				CLANG_CXX_LANGUAGE_STANDARD = "gnu++17";
				CLANG_ENABLE_MODULES = YES;
				CLANG_ENABLE_OBJC_ARC = YES;
				CLANG_ENABLE_OBJC_WEAK = YES;
				CLANG_WARN_BLOCK_CAPTURE_AUTORELEASING = YES;
				CLANG_WARN_BOOL_CONVERSION = YES;
				CLANG_WARN_COMMA = YES;
				CLANG_WARN_CONSTANT_CONVERSION = YES;
				CLANG_WARN_DEPRECATED_OBJC_IMPLEMENTATIONS = YES;
				CLANG_WARN_DIRECT_OBJC_ISA_USAGE = YES_ERROR;
				CLANG_WARN_DOCUMENTATION_COMMENTS = YES;
				CLANG_WARN_EMPTY_BODY = YES;
				CLANG_WARN_ENUM_CONVERSION = YES;
				CLANG_WARN_INFINITE_RECURSION = YES;
				CLANG_WARN_INT_CONVERSION = YES;
				CLANG_WARN_NON_LITERAL_NULL_CONVERSION = YES;
				CLANG_WARN_OBJC_IMPLICIT_RETAIN_SELF = YES;
				CLANG_WARN_OBJC_LITERAL_CONVERSION = YES;
				CLANG_WARN_OBJC_ROOT_CLASS = YES_ERROR;
				CLANG_WARN_QUOTED_INCLUDE_IN_FRAMEWORK_HEADER = YES;
				CLANG_WARN_RANGE_LOOP_ANALYSIS = YES;
				CLANG_WARN_STRICT_PROTOTYPES = YES;
				CLANG_WARN_SUSPICIOUS_MOVE = YES;
				CLANG_WARN_UNGUARDED_AVAILABILITY = YES_AGGRESSIVE;
				CLANG_WARN_UNREACHABLE_CODE = YES;
				CLANG_WARN__DUPLICATE_METHOD_MATCH = YES;
				COPY_PHASE_STRIP = NO;
				DEBUG_INFORMATION_FORMAT = "dwarf-with-dsym";
				ENABLE_NS_ASSERTIONS = NO;
				ENABLE_STRICT_OBJC_MSGSEND = YES;
				GCC_C_LANGUAGE_STANDARD = gnu11;
				GCC_NO_COMMON_BLOCKS = YES;
				GCC_WARN_64_TO_32_BIT_CONVERSION = YES;
				GCC_WARN_ABOUT_RETURN_TYPE = YES_ERROR;
				GCC_WARN_UNDECLARED_SELECTOR = YES;
				GCC_WARN_UNINITIALIZED_AUTOS = YES_AGGRESSIVE;
				GCC_WARN_UNUSED_FUNCTION = YES;
				GCC_WARN_UNUSED_VARIABLE = YES;
				IPHONEOS_DEPLOYMENT_TARGET = 15.5;
				MTL_ENABLE_DEBUG_INFO = NO;
				MTL_FAST_MATH = YES;
				SDKROOT = iphoneos;
				SWIFT_COMPILATION_MODE = wholemodule;
				SWIFT_OPTIMIZATION_LEVEL = "-O";
				VALIDATE_PRODUCT = YES;
			};
			name = Release;
		};
		9991356228465262002105CB /* Debug */ = {
			isa = XCBuildConfiguration;
			buildSettings = {
				ASSETCATALOG_COMPILER_APPICON_NAME = AppIcon;
				ASSETCATALOG_COMPILER_GLOBAL_ACCENT_COLOR_NAME = AccentColor;
				CODE_SIGN_STYLE = Automatic;
				CURRENT_PROJECT_VERSION = 1;
				DEVELOPMENT_TEAM = 66W5A5Y95A;
				GENERATE_INFOPLIST_FILE = YES;
				INFOPLIST_FILE = Lesson_27_UICollectionView/Info.plist;
				INFOPLIST_KEY_UIApplicationSupportsIndirectInputEvents = YES;
				INFOPLIST_KEY_UILaunchStoryboardName = LaunchScreen;
				INFOPLIST_KEY_UIMainStoryboardFile = Main;
				INFOPLIST_KEY_UISupportedInterfaceOrientations_iPad = "UIInterfaceOrientationPortrait UIInterfaceOrientationPortraitUpsideDown UIInterfaceOrientationLandscapeLeft UIInterfaceOrientationLandscapeRight";
				INFOPLIST_KEY_UISupportedInterfaceOrientations_iPhone = "UIInterfaceOrientationPortrait UIInterfaceOrientationLandscapeLeft UIInterfaceOrientationLandscapeRight";
				LD_RUNPATH_SEARCH_PATHS = (
					"$(inherited)",
					"@executable_path/Frameworks",
				);
				MARKETING_VERSION = 1.0;
				PRODUCT_BUNDLE_IDENTIFIER = "GB.Lesson-27-UICollectionView";
				PRODUCT_NAME = "$(TARGET_NAME)";
				SWIFT_EMIT_LOC_STRINGS = YES;
				SWIFT_VERSION = 5.0;
				TARGETED_DEVICE_FAMILY = "1,2";
			};
			name = Debug;
		};
		9991356328465262002105CB /* Release */ = {
			isa = XCBuildConfiguration;
			buildSettings = {
				ASSETCATALOG_COMPILER_APPICON_NAME = AppIcon;
				ASSETCATALOG_COMPILER_GLOBAL_ACCENT_COLOR_NAME = AccentColor;
				CODE_SIGN_STYLE = Automatic;
				CURRENT_PROJECT_VERSION = 1;
				DEVELOPMENT_TEAM = 66W5A5Y95A;
				GENERATE_INFOPLIST_FILE = YES;
				INFOPLIST_FILE = Lesson_27_UICollectionView/Info.plist;
				INFOPLIST_KEY_UIApplicationSupportsIndirectInputEvents = YES;
				INFOPLIST_KEY_UILaunchStoryboardName = LaunchScreen;
				INFOPLIST_KEY_UIMainStoryboardFile = Main;
				INFOPLIST_KEY_UISupportedInterfaceOrientations_iPad = "UIInterfaceOrientationPortrait UIInterfaceOrientationPortraitUpsideDown UIInterfaceOrientationLandscapeLeft UIInterfaceOrientationLandscapeRight";
				INFOPLIST_KEY_UISupportedInterfaceOrientations_iPhone = "UIInterfaceOrientationPortrait UIInterfaceOrientationLandscapeLeft UIInterfaceOrientationLandscapeRight";
				LD_RUNPATH_SEARCH_PATHS = (
					"$(inherited)",
					"@executable_path/Frameworks",
				);
				MARKETING_VERSION = 1.0;
				PRODUCT_BUNDLE_IDENTIFIER = "GB.Lesson-27-UICollectionView";
				PRODUCT_NAME = "$(TARGET_NAME)";
				SWIFT_EMIT_LOC_STRINGS = YES;
				SWIFT_VERSION = 5.0;
				TARGETED_DEVICE_FAMILY = "1,2";
			};
			name = Release;
		};
/* End XCBuildConfiguration section */

/* Begin XCConfigurationList section */
		9991354828465260002105CB /* Build configuration list for PBXProject "Lesson_27_UICollectionView" */ = {
			isa = XCConfigurationList;
			buildConfigurations = (
				9991355F28465262002105CB /* Debug */,
				9991356028465262002105CB /* Release */,
			);
			defaultConfigurationIsVisible = 0;
			defaultConfigurationName = Release;
		};
		9991356128465262002105CB /* Build configuration list for PBXNativeTarget "Lesson_27_UICollectionView" */ = {
			isa = XCConfigurationList;
			buildConfigurations = (
				9991356228465262002105CB /* Debug */,
				9991356328465262002105CB /* Release */,
			);
			defaultConfigurationIsVisible = 0;
			defaultConfigurationName = Release;
		};
/* End XCConfigurationList section */
	};
	rootObject = 9991354528465260002105CB /* Project object */;
}
